---
lockVersion: 1.0.0
dependencies:
  codeql/controlflow:
    version: 2.0.21
  codeql/cpp-all:
    version: 6.1.2
  codeql/cpp-queries:
    version: 1.5.6
  codeql/dataflow:
    version: 2.0.21
  codeql/mad:
    version: 1.0.37
  codeql/quantum:
    version: 0.0.15
  codeql/rangeanalysis:
    version: 1.0.37
  codeql/ssa:
    version: 2.0.13
  codeql/suite-helpers:
    version: 1.0.37
  codeql/tutorial:
    version: 1.0.37
  codeql/typeflow:
    version: 1.0.37
  codeql/typetracking:
    version: 2.0.21
  codeql/util:
    version: 2.0.24
  codeql/xml:
    version: 1.0.37
compiled: false
